
Microsoft Visual Studio Solution File, Format Version 12.00
# Visual Studio Version 17
VisualStudioVersion = 17.7.34009.444
MinimumVisualStudioVersion = 10.0.40219.1
Project("{9A19103F-16F7-4668-BE54-9A1E7A4F7556}") = "Renderer", "Renderer\Renderer.csproj", "{CB7F7A66-3976-4677-B492-E4AF0237CFA3}"
EndProject
Project("{9A19103F-16F7-4668-BE54-9A1E7A4F7556}") = "Monogame.ImGuiNet", "MonoGame.ImGuiNet-main\MonoGame.ImGuiNet\Monogame.ImGuiNet.csproj", "{E473673D-D406-437D-BBFC-5980C121E953}"
EndProject
Global
	GlobalSection(SolutionConfigurationPlatforms) = preSolution
		Debug|Any CPU = Debug|Any CPU
		Release|Any CPU = Release|Any CPU
	EndGlobalSection
	GlobalSection(ProjectConfigurationPlatforms) = postSolution
		{CB7F7A66-3976-4677-B492-E4AF0237CFA3}.Debug|Any CPU.ActiveCfg = Debug|Any CPU
		{CB7F7A66-3976-4677-B492-E4AF0237CFA3}.Debug|Any CPU.Build.0 = Debug|Any CPU
		{CB7F7A66-3976-4677-B492-E4AF0237CFA3}.Release|Any CPU.ActiveCfg = Release|Any CPU
		{CB7F7A66-3976-4677-B492-E4AF0237CFA3}.Release|Any CPU.Build.0 = Release|Any CPU
		{E473673D-D406-437D-BBFC-5980C121E953}.Debug|Any CPU.ActiveCfg = Debug|Any CPU
		{E473673D-D406-437D-BBFC-5980C121E953}.Debug|Any CPU.Build.0 = Debug|Any CPU
		{E473673D-D406-437D-BBFC-5980C121E953}.Release|Any CPU.ActiveCfg = Release|Any CPU
		{E473673D-D406-437D-BBFC-5980C121E953}.Release|Any CPU.Build.0 = Release|Any CPU
	EndGlobalSection
	GlobalSection(SolutionProperties) = preSolution
		HideSolutionNode = FALSE
	EndGlobalSection
	GlobalSection(ExtensibilityGlobals) = postSolution
		SolutionGuid = {60A37B7E-B6AA-4496-9589-CB23B4AFDEA3}
	EndGlobalSection
EndGlobal
